
Microsoft Visual Studio Solution File, Format Version 12.00
# Visual Studio Version 17
VisualStudioVersion = 17.14.36414.22
MinimumVisualStudioVersion = 10.0.40219.1
Project("{FAE04EC0-301F-11D3-BF4B-00C04F79EFBC}") = "Module01.HiringHelper", "Module01.HiringHelper\Module01.HiringHelper.csproj", "{464ECEA5-4AD5-40F3-820E-E5A8D61490D2}"
EndProject
Project("{FAE04EC0-301F-11D3-BF4B-00C04F79EFBC}") = "Module01.HiringHelper.Tests", "Module01.HiringHelper.Tests\Module01.HiringHelper.Tests.csproj", "{6273D1C2-9504-4DAD-B8CA-7CEA3D362DC7}"
EndProject
Project("{FAE04EC0-301F-11D3-BF4B-00C04F79EFBC}") = "Module01.Lesson05.ClassLibrary", "Module01.Lesson05.ClassLibrary\Module01.Lesson05.ClassLibrary.csproj", "{62584F31-C410-4E1A-874F-4C3A32FC1597}"
EndProject
Project("{FAE04EC0-301F-11D3-BF4B-00C04F79EFBC}") = "Module01.Lesson05.ClassLibrary.Tests", "Module01.Lesson05.ClassLibrary.Tests\Module01.Lesson05.ClassLibrary.Tests.csproj", "{A7BA1969-B2DD-460E-8251-BEBF9156D4E5}"
EndProject
Project("{FAE04EC0-301F-11D3-BF4B-00C04F79EFBC}") = "Module01.Lesson06.ClassLibrary", "Module01.Lesson06.ClassLibrary\Module01.Lesson06.ClassLibrary.csproj", "{6257389F-9DD1-4A50-9D8C-5A69513C8AC0}"
EndProject
Project("{FAE04EC0-301F-11D3-BF4B-00C04F79EFBC}") = "Module01.Lesson06.ClassLibrary.Tests", "Module01.Lesson06.ClassLibrary.Tests\Module01.Lesson06.ClassLibrary.Tests.csproj", "{809529BE-03BB-455E-AEA7-90B3A1825AAB}"
EndProject
Project("{FAE04EC0-301F-11D3-BF4B-00C04F79EFBC}") = "Module01.Sep22.ClassLibrary", "Module01.Sep22.ClassLibrary\Module01.Sep22.ClassLibrary.csproj", "{5CBB8C8C-E3EF-471D-A2A1-A43E03A4000F}"
EndProject
Global
	GlobalSection(SolutionConfigurationPlatforms) = preSolution
		Debug|Any CPU = Debug|Any CPU
		Release|Any CPU = Release|Any CPU
	EndGlobalSection
	GlobalSection(ProjectConfigurationPlatforms) = postSolution
		{464ECEA5-4AD5-40F3-820E-E5A8D61490D2}.Debug|Any CPU.ActiveCfg = Debug|Any CPU
		{464ECEA5-4AD5-40F3-820E-E5A8D61490D2}.Debug|Any CPU.Build.0 = Debug|Any CPU
		{464ECEA5-4AD5-40F3-820E-E5A8D61490D2}.Release|Any CPU.ActiveCfg = Release|Any CPU
		{464ECEA5-4AD5-40F3-820E-E5A8D61490D2}.Release|Any CPU.Build.0 = Release|Any CPU
		{6273D1C2-9504-4DAD-B8CA-7CEA3D362DC7}.Debug|Any CPU.ActiveCfg = Debug|Any CPU
		{6273D1C2-9504-4DAD-B8CA-7CEA3D362DC7}.Debug|Any CPU.Build.0 = Debug|Any CPU
		{6273D1C2-9504-4DAD-B8CA-7CEA3D362DC7}.Release|Any CPU.ActiveCfg = Release|Any CPU
		{6273D1C2-9504-4DAD-B8CA-7CEA3D362DC7}.Release|Any CPU.Build.0 = Release|Any CPU
		{62584F31-C410-4E1A-874F-4C3A32FC1597}.Debug|Any CPU.ActiveCfg = Debug|Any CPU
		{62584F31-C410-4E1A-874F-4C3A32FC1597}.Debug|Any CPU.Build.0 = Debug|Any CPU
		{62584F31-C410-4E1A-874F-4C3A32FC1597}.Release|Any CPU.ActiveCfg = Release|Any CPU
		{62584F31-C410-4E1A-874F-4C3A32FC1597}.Release|Any CPU.Build.0 = Release|Any CPU
		{A7BA1969-B2DD-460E-8251-BEBF9156D4E5}.Debug|Any CPU.ActiveCfg = Debug|Any CPU
		{A7BA1969-B2DD-460E-8251-BEBF9156D4E5}.Debug|Any CPU.Build.0 = Debug|Any CPU
		{A7BA1969-B2DD-460E-8251-BEBF9156D4E5}.Release|Any CPU.ActiveCfg = Release|Any CPU
		{A7BA1969-B2DD-460E-8251-BEBF9156D4E5}.Release|Any CPU.Build.0 = Release|Any CPU
		{6257389F-9DD1-4A50-9D8C-5A69513C8AC0}.Debug|Any CPU.ActiveCfg = Debug|Any CPU
		{6257389F-9DD1-4A50-9D8C-5A69513C8AC0}.Debug|Any CPU.Build.0 = Debug|Any CPU
		{6257389F-9DD1-4A50-9D8C-5A69513C8AC0}.Release|Any CPU.ActiveCfg = Release|Any CPU
		{6257389F-9DD1-4A50-9D8C-5A69513C8AC0}.Release|Any CPU.Build.0 = Release|Any CPU
		{809529BE-03BB-455E-AEA7-90B3A1825AAB}.Debug|Any CPU.ActiveCfg = Debug|Any CPU
		{809529BE-03BB-455E-AEA7-90B3A1825AAB}.Debug|Any CPU.Build.0 = Debug|Any CPU
		{809529BE-03BB-455E-AEA7-90B3A1825AAB}.Release|Any CPU.ActiveCfg = Release|Any CPU
		{809529BE-03BB-455E-AEA7-90B3A1825AAB}.Release|Any CPU.Build.0 = Release|Any CPU
		{5CBB8C8C-E3EF-471D-A2A1-A43E03A4000F}.Debug|Any CPU.ActiveCfg = Debug|Any CPU
		{5CBB8C8C-E3EF-471D-A2A1-A43E03A4000F}.Debug|Any CPU.Build.0 = Debug|Any CPU
		{5CBB8C8C-E3EF-471D-A2A1-A43E03A4000F}.Release|Any CPU.ActiveCfg = Release|Any CPU
		{5CBB8C8C-E3EF-471D-A2A1-A43E03A4000F}.Release|Any CPU.Build.0 = Release|Any CPU
	EndGlobalSection
	GlobalSection(SolutionProperties) = preSolution
		HideSolutionNode = FALSE
	EndGlobalSection
	GlobalSection(ExtensibilityGlobals) = postSolution
		SolutionGuid = {D761D695-39C6-4B17-873A-5EFC70C32C2C}
	EndGlobalSection
EndGlobal
