
Microsoft Visual Studio Solution File, Format Version 12.00
# Visual Studio Version 17
VisualStudioVersion = 17.14.36414.22
MinimumVisualStudioVersion = 10.0.40219.1
Project("{FAE04EC0-301F-11D3-BF4B-00C04F79EFBC}") = "OOPsReview", "OOPsReview\OOPsReview.csproj", "{286B05BA-8BAC-4472-87D9-DC66A16BCD01}"
EndProject
Project("{FAE04EC0-301F-11D3-BF4B-00C04F79EFBC}") = "OOPSReview.ConsoleApp", "OOPSReview.ConsoleApp\OOPSReview.ConsoleApp.csproj", "{51A57385-657A-45D1-AEED-956C37B4EF4F}"
EndProject
Global
	GlobalSection(SolutionConfigurationPlatforms) = preSolution
		Debug|Any CPU = Debug|Any CPU
		Release|Any CPU = Release|Any CPU
	EndGlobalSection
	GlobalSection(ProjectConfigurationPlatforms) = postSolution
		{286B05BA-8BAC-4472-87D9-DC66A16BCD01}.Debug|Any CPU.ActiveCfg = Debug|Any CPU
		{286B05BA-8BAC-4472-87D9-DC66A16BCD01}.Debug|Any CPU.Build.0 = Debug|Any CPU
		{286B05BA-8BAC-4472-87D9-DC66A16BCD01}.Release|Any CPU.ActiveCfg = Release|Any CPU
		{286B05BA-8BAC-4472-87D9-DC66A16BCD01}.Release|Any CPU.Build.0 = Release|Any CPU
		{51A57385-657A-45D1-AEED-956C37B4EF4F}.Debug|Any CPU.ActiveCfg = Debug|Any CPU
		{51A57385-657A-45D1-AEED-956C37B4EF4F}.Debug|Any CPU.Build.0 = Debug|Any CPU
		{51A57385-657A-45D1-AEED-956C37B4EF4F}.Release|Any CPU.ActiveCfg = Release|Any CPU
		{51A57385-657A-45D1-AEED-956C37B4EF4F}.Release|Any CPU.Build.0 = Release|Any CPU
	EndGlobalSection
	GlobalSection(SolutionProperties) = preSolution
		HideSolutionNode = FALSE
	EndGlobalSection
	GlobalSection(ExtensibilityGlobals) = postSolution
		SolutionGuid = {FC13C436-C27F-43EF-821C-A6FEC6B968E4}
	EndGlobalSection
EndGlobal
